
Microsoft Visual Studio Solution File, Format Version 12.00
# Visual Studio Version 17
VisualStudioVersion = 17.4.33205.214
MinimumVisualStudioVersion = 10.0.40219.1
Project("{2150E333-8FDC-42A3-9474-1A3956D46DE8}") = "Shared", "Shared", "{0D6EA313-F767-4163-BDC2-73B07305F10B}"
	ProjectSection(SolutionItems) = preProject
		Sonic Generations\BlueBlurCommon.h = Sonic Generations\BlueBlurCommon.h
	EndProjectSection
EndProject
Project("{8BC9CEB8-8B4A-11D0-8D11-00A0C91BC942}") = "SCU", "Sonic Generations\ColorsHUD\ColorsHUD\ColorsHUD.vcxproj", "{30C32A8F-341B-42EB-AE08-43119AB25E46}"
EndProject
Project("{8BC9CEB8-8B4A-11D0-8D11-00A0C91BC942}") = "SRHUD", "Sonic Generations\SRHUD\SRHUD\SRHUD.vcxproj", "{81FF2197-4586-4C43-BB91-47F6179B6E1B}"
EndProject
Project("{8BC9CEB8-8B4A-11D0-8D11-00A0C91BC942}") = "FrontiersHUD", "Sonic Generations\FrontiersHud\FrontiersHUD\FrontiersHUD.vcxproj", "{776A098D-958C-46B1-958B-31E59F3DA638}"
EndProject
Project("{8BC9CEB8-8B4A-11D0-8D11-00A0C91BC942}") = "CustomizableControls", "Sonic Generations\CustomizableControls\CustomizableControls\CustomizableControls.vcxproj", "{D7A3D076-8EA7-4AD0-B7EE-FDF2575CF1B5}"
EndProject
Global
	GlobalSection(SolutionConfigurationPlatforms) = preSolution
		Debug|x86 = Debug|x86
		Release|x86 = Release|x86
	EndGlobalSection
	GlobalSection(ProjectConfigurationPlatforms) = postSolution
		{30C32A8F-341B-42EB-AE08-43119AB25E46}.Debug|x86.ActiveCfg = Debug|Win32
		{30C32A8F-341B-42EB-AE08-43119AB25E46}.Debug|x86.Build.0 = Debug|Win32
		{30C32A8F-341B-42EB-AE08-43119AB25E46}.Release|x86.ActiveCfg = Release|Win32
		{30C32A8F-341B-42EB-AE08-43119AB25E46}.Release|x86.Build.0 = Release|Win32
		{81FF2197-4586-4C43-BB91-47F6179B6E1B}.Debug|x86.ActiveCfg = Debug|Win32
		{81FF2197-4586-4C43-BB91-47F6179B6E1B}.Debug|x86.Build.0 = Debug|Win32
		{81FF2197-4586-4C43-BB91-47F6179B6E1B}.Release|x86.ActiveCfg = Release|Win32
		{81FF2197-4586-4C43-BB91-47F6179B6E1B}.Release|x86.Build.0 = Release|Win32
		{776A098D-958C-46B1-958B-31E59F3DA638}.Debug|x86.ActiveCfg = Debug|Win32
		{776A098D-958C-46B1-958B-31E59F3DA638}.Debug|x86.Build.0 = Debug|Win32
		{776A098D-958C-46B1-958B-31E59F3DA638}.Release|x86.ActiveCfg = Release|Win32
		{776A098D-958C-46B1-958B-31E59F3DA638}.Release|x86.Build.0 = Release|Win32
		{D7A3D076-8EA7-4AD0-B7EE-FDF2575CF1B5}.Debug|x86.ActiveCfg = Debug|Win32
		{D7A3D076-8EA7-4AD0-B7EE-FDF2575CF1B5}.Debug|x86.Build.0 = Debug|Win32
		{D7A3D076-8EA7-4AD0-B7EE-FDF2575CF1B5}.Release|x86.ActiveCfg = Release|Win32
		{D7A3D076-8EA7-4AD0-B7EE-FDF2575CF1B5}.Release|x86.Build.0 = Release|Win32
	EndGlobalSection
	GlobalSection(SolutionProperties) = preSolution
		HideSolutionNode = FALSE
	EndGlobalSection
	GlobalSection(ExtensibilityGlobals) = postSolution
		SolutionGuid = {4F076418-A367-4ED3-AA5F-62D6F64D51D3}
	EndGlobalSection
EndGlobal
